Microsoft Visual Studio Solution File, Format Version 11.00
# Visual Studio 2008

Project("{5AB995D6-4CB9-D8F6-AFFA-94209AC60760}") = "unity_Locompare", "Assembly-UnityScript.unityproj", "{F6D2E63A-FDAA-DC93-C9ED-E06B7B09560A}"
EndProject
Global
	GlobalSection(SolutionConfigurationPlatforms) = preSolution
		Debug|Any CPU = Debug|Any CPU
		Release|Any CPU = Release|Any CPU
	EndGlobalSection
	GlobalSection(ProjectConfigurationPlatforms) = postSolution
		{F6D2E63A-FDAA-DC93-C9ED-E06B7B09560A}.Debug|Any CPU.ActiveCfg = Debug|Any CPU
		{F6D2E63A-FDAA-DC93-C9ED-E06B7B09560A}.Debug|Any CPU.Build.0 = Debug|Any CPU
		{F6D2E63A-FDAA-DC93-C9ED-E06B7B09560A}.Release|Any CPU.ActiveCfg = Release|Any CPU
		{F6D2E63A-FDAA-DC93-C9ED-E06B7B09560A}.Release|Any CPU.Build.0 = Release|Any CPU
	EndGlobalSection
	GlobalSection(SolutionProperties) = preSolution
		HideSolutionNode = FALSE
	EndGlobalSection
	GlobalSection(MonoDevelopProperties) = preSolution
		StartupItem = Assembly-CSharp.csproj
	EndGlobalSection
EndGlobal
